
Microsoft Visual Studio Solution File, Format Version 12.00
# Visual Studio 15
VisualStudioVersion = 15.0.28010.2046
MinimumVisualStudioVersion = 10.0.40219.1
Project("{FAE04EC0-301F-11D3-BF4B-00C04F79EFBC}") = "JunctionFolder", "JunctionFolder\JunctionFolder.csproj", "{0D4CC0F0-0587-4703-AB6D-F167286F502A}"
EndProject
Global
	GlobalSection(SolutionConfigurationPlatforms) = preSolution
		Debug|Any CPU = Debug|Any CPU
		Release|Any CPU = Release|Any CPU
	EndGlobalSection
	GlobalSection(ProjectConfigurationPlatforms) = postSolution
		{0D4CC0F0-0587-4703-AB6D-F167286F502A}.Debug|Any CPU.ActiveCfg = Debug|Any CPU
		{0D4CC0F0-0587-4703-AB6D-F167286F502A}.Debug|Any CPU.Build.0 = Debug|Any CPU
		{0D4CC0F0-0587-4703-AB6D-F167286F502A}.Release|Any CPU.ActiveCfg = Release|Any CPU
		{0D4CC0F0-0587-4703-AB6D-F167286F502A}.Release|Any CPU.Build.0 = Release|Any CPU
	EndGlobalSection
	GlobalSection(SolutionProperties) = preSolution
		HideSolutionNode = FALSE
	EndGlobalSection
	GlobalSection(ExtensibilityGlobals) = postSolution
		SolutionGuid = {E1D5BCDA-C166-41B7-BD0D-FA6DDE671D42}
	EndGlobalSection
EndGlobal
