
Microsoft Visual Studio Solution File, Format Version 12.00
# Visual Studio 15
Project("{FAE04EC0-301F-11D3-BF4B-00C04F79EFBC}") = "AbandonedCOMKeys", "AbandonedCOMKeys\AbandonedCOMKeys.csproj", "{530ABBE6-EB0E-4E71-8D09-AA6940FAF4D5}"
EndProject
Global
	GlobalSection(SolutionConfigurationPlatforms) = preSolution
		Debug|x86 = Debug|x86
		Release|x86 = Release|x86
	EndGlobalSection
	GlobalSection(ProjectConfigurationPlatforms) = postSolution
		{530ABBE6-EB0E-4E71-8D09-AA6940FAF4D5}.Debug|x86.ActiveCfg = Debug|x86
		{530ABBE6-EB0E-4E71-8D09-AA6940FAF4D5}.Debug|x86.Build.0 = Debug|x86
		{530ABBE6-EB0E-4E71-8D09-AA6940FAF4D5}.Release|x86.ActiveCfg = Release|x86
		{530ABBE6-EB0E-4E71-8D09-AA6940FAF4D5}.Release|x86.Build.0 = Release|x86
	EndGlobalSection
EndGlobal
