
Microsoft Visual Studio Solution File, Format Version 12.00
# Visual Studio 15
VisualStudioVersion = 15.0.28010.2046
MinimumVisualStudioVersion = 10.0.40219.1
Project("{FAE04EC0-301F-11D3-BF4B-00C04F79EFBC}") = "EncryptedZIP", "EncryptedZIP\EncryptedZIP.csproj", "{A466B547-0308-4DCF-8E91-0E7C46A3D048}"
EndProject
Project("{FAE04EC0-301F-11D3-BF4B-00C04F79EFBC}") = "Decrypter", "Decrypter\Decrypter.csproj", "{367FA44D-C8C7-4CB2-A099-FD87F84B4355}"
EndProject
Global
	GlobalSection(SolutionConfigurationPlatforms) = preSolution
		Debug|Any CPU = Debug|Any CPU
		Release|Any CPU = Release|Any CPU
	EndGlobalSection
	GlobalSection(ProjectConfigurationPlatforms) = postSolution
		{A466B547-0308-4DCF-8E91-0E7C46A3D048}.Debug|Any CPU.ActiveCfg = Debug|Any CPU
		{A466B547-0308-4DCF-8E91-0E7C46A3D048}.Debug|Any CPU.Build.0 = Debug|Any CPU
		{A466B547-0308-4DCF-8E91-0E7C46A3D048}.Release|Any CPU.ActiveCfg = Release|Any CPU
		{A466B547-0308-4DCF-8E91-0E7C46A3D048}.Release|Any CPU.Build.0 = Release|Any CPU
		{367FA44D-C8C7-4CB2-A099-FD87F84B4355}.Debug|Any CPU.ActiveCfg = Debug|Any CPU
		{367FA44D-C8C7-4CB2-A099-FD87F84B4355}.Debug|Any CPU.Build.0 = Debug|Any CPU
		{367FA44D-C8C7-4CB2-A099-FD87F84B4355}.Release|Any CPU.ActiveCfg = Release|Any CPU
		{367FA44D-C8C7-4CB2-A099-FD87F84B4355}.Release|Any CPU.Build.0 = Release|Any CPU
	EndGlobalSection
	GlobalSection(SolutionProperties) = preSolution
		HideSolutionNode = FALSE
	EndGlobalSection
	GlobalSection(ExtensibilityGlobals) = postSolution
		SolutionGuid = {FEDA8E8E-B806-496D-A3C1-59C3D47C27C6}
	EndGlobalSection
EndGlobal
