
Microsoft Visual Studio Solution File, Format Version 12.00
# Visual Studio Version 16
VisualStudioVersion = 16.0.30503.244
MinimumVisualStudioVersion = 10.0.40219.1
Project("{FAE04EC0-301F-11D3-BF4B-00C04F79EFBC}") = "COMHunter", "COMHunter.csproj", "{E5291D34-7D97-4C67-A8D8-69F36263473D}"
EndProject
Global
	GlobalSection(SolutionConfigurationPlatforms) = preSolution
		Debug|Any CPU = Debug|Any CPU
		Release|Any CPU = Release|Any CPU
	EndGlobalSection
	GlobalSection(ProjectConfigurationPlatforms) = postSolution
		{E5291D34-7D97-4C67-A8D8-69F36263473D}.Debug|Any CPU.ActiveCfg = Debug|Any CPU
		{E5291D34-7D97-4C67-A8D8-69F36263473D}.Debug|Any CPU.Build.0 = Debug|Any CPU
		{E5291D34-7D97-4C67-A8D8-69F36263473D}.Release|Any CPU.ActiveCfg = Release|Any CPU
		{E5291D34-7D97-4C67-A8D8-69F36263473D}.Release|Any CPU.Build.0 = Release|Any CPU
	EndGlobalSection
	GlobalSection(SolutionProperties) = preSolution
		HideSolutionNode = FALSE
	EndGlobalSection
	GlobalSection(ExtensibilityGlobals) = postSolution
		SolutionGuid = {C605BB8C-8E31-4278-84E8-E2B107C1566C}
	EndGlobalSection
EndGlobal
