
Microsoft Visual Studio Solution File, Format Version 12.00
# Visual Studio Version 16
VisualStudioVersion = 16.0.29326.143
MinimumVisualStudioVersion = 10.0.40219.1
Project("{FAE04EC0-301F-11D3-BF4B-00C04F79EFBC}") = "PhantomService", "PhantomService.csproj", "{FF8D99A9-DF69-4DF5-8423-ADA62334C9BD}"
EndProject
Global
	GlobalSection(SolutionConfigurationPlatforms) = preSolution
		Debug|Any CPU = Debug|Any CPU
		Release|Any CPU = Release|Any CPU
	EndGlobalSection
	GlobalSection(ProjectConfigurationPlatforms) = postSolution
		{FF8D99A9-DF69-4DF5-8423-ADA62334C9BD}.Debug|Any CPU.ActiveCfg = Debug|Any CPU
		{FF8D99A9-DF69-4DF5-8423-ADA62334C9BD}.Debug|Any CPU.Build.0 = Debug|Any CPU
		{FF8D99A9-DF69-4DF5-8423-ADA62334C9BD}.Release|Any CPU.ActiveCfg = Release|Any CPU
		{FF8D99A9-DF69-4DF5-8423-ADA62334C9BD}.Release|Any CPU.Build.0 = Release|Any CPU
	EndGlobalSection
	GlobalSection(SolutionProperties) = preSolution
		HideSolutionNode = FALSE
	EndGlobalSection
	GlobalSection(ExtensibilityGlobals) = postSolution
		SolutionGuid = {0B98B26A-1374-479D-8E83-8146E519ABC4}
	EndGlobalSection
EndGlobal
