
Microsoft Visual Studio Solution File, Format Version 12.00
# Visual Studio 15
VisualStudioVersion = 15.0.28010.2046
MinimumVisualStudioVersion = 10.0.40219.1
Project("{FAE04EC0-301F-11D3-BF4B-00C04F79EFBC}") = "ETWEventSubscription", "ETWEventSubscription\ETWEventSubscription.csproj", "{A1AE24DB-B165-4760-A7CE-394C582A4E57}"
EndProject
Global
	GlobalSection(SolutionConfigurationPlatforms) = preSolution
		Debug|Any CPU = Debug|Any CPU
		Release|Any CPU = Release|Any CPU
	EndGlobalSection
	GlobalSection(ProjectConfigurationPlatforms) = postSolution
		{A1AE24DB-B165-4760-A7CE-394C582A4E57}.Debug|Any CPU.ActiveCfg = Debug|Any CPU
		{A1AE24DB-B165-4760-A7CE-394C582A4E57}.Debug|Any CPU.Build.0 = Debug|Any CPU
		{A1AE24DB-B165-4760-A7CE-394C582A4E57}.Release|Any CPU.ActiveCfg = Release|Any CPU
		{A1AE24DB-B165-4760-A7CE-394C582A4E57}.Release|Any CPU.Build.0 = Release|Any CPU
	EndGlobalSection
	GlobalSection(SolutionProperties) = preSolution
		HideSolutionNode = FALSE
	EndGlobalSection
	GlobalSection(ExtensibilityGlobals) = postSolution
		SolutionGuid = {6B7DA9A8-69DD-4F57-8F47-DEFEBF87E951}
	EndGlobalSection
EndGlobal
