
Microsoft Visual Studio Solution File, Format Version 12.00
# Visual Studio 15
VisualStudioVersion = 15.0.28010.2046
MinimumVisualStudioVersion = 10.0.40219.1
Project("{FAE04EC0-301F-11D3-BF4B-00C04F79EFBC}") = "CredPhisher", "CredPhisher\CredPhisher.csproj", "{88AC4CFA-3679-462D-8098-EB070A1E006C}"
EndProject
Global
	GlobalSection(SolutionConfigurationPlatforms) = preSolution
		Debug|Any CPU = Debug|Any CPU
		Release|Any CPU = Release|Any CPU
	EndGlobalSection
	GlobalSection(ProjectConfigurationPlatforms) = postSolution
		{88AC4CFA-3679-462D-8098-EB070A1E006C}.Debug|Any CPU.ActiveCfg = Debug|Any CPU
		{88AC4CFA-3679-462D-8098-EB070A1E006C}.Debug|Any CPU.Build.0 = Debug|Any CPU
		{88AC4CFA-3679-462D-8098-EB070A1E006C}.Release|Any CPU.ActiveCfg = Release|Any CPU
		{88AC4CFA-3679-462D-8098-EB070A1E006C}.Release|Any CPU.Build.0 = Release|Any CPU
	EndGlobalSection
	GlobalSection(SolutionProperties) = preSolution
		HideSolutionNode = FALSE
	EndGlobalSection
	GlobalSection(ExtensibilityGlobals) = postSolution
		SolutionGuid = {2E53A4CD-F419-41AD-A149-45599FF598FC}
	EndGlobalSection
EndGlobal
